
Microsoft Visual Studio Solution File, Format Version 12.00
# Visual Studio Version 16
VisualStudioVersion = 16.0.33027.164
MinimumVisualStudioVersion = 10.0.40219.1
Project("{FAE04EC0-301F-11D3-BF4B-00C04F79EFBC}") = "lab2ex2", "lab2ex2\lab2ex2.csproj", "{40F8C0FF-0BA1-4AE2-A9E7-1382749B7794}"
EndProject
Global
	GlobalSection(SolutionConfigurationPlatforms) = preSolution
		Debug|Any CPU = Debug|Any CPU
		Release|Any CPU = Release|Any CPU
	EndGlobalSection
	GlobalSection(ProjectConfigurationPlatforms) = postSolution
		{40F8C0FF-0BA1-4AE2-A9E7-1382749B7794}.Debug|Any CPU.ActiveCfg = Debug|Any CPU
		{40F8C0FF-0BA1-4AE2-A9E7-1382749B7794}.Debug|Any CPU.Build.0 = Debug|Any CPU
		{40F8C0FF-0BA1-4AE2-A9E7-1382749B7794}.Release|Any CPU.ActiveCfg = Release|Any CPU
		{40F8C0FF-0BA1-4AE2-A9E7-1382749B7794}.Release|Any CPU.Build.0 = Release|Any CPU
	EndGlobalSection
	GlobalSection(SolutionProperties) = preSolution
		HideSolutionNode = FALSE
	EndGlobalSection
	GlobalSection(ExtensibilityGlobals) = postSolution
		SolutionGuid = {54F6E7E9-6917-4F3F-A516-A13EC1839796}
	EndGlobalSection
EndGlobal
